
Microsoft Visual Studio Solution File, Format Version 12.00
# Visual Studio Version 17
VisualStudioVersion = 17.1.32210.238
MinimumVisualStudioVersion = 10.0.40219.1
Project("{FAE04EC0-301F-11D3-BF4B-00C04F79EFBC}") = "FloodKafka", "FloodKafka\FloodKafka.csproj", "{58EF4F69-2F46-46B9-95BB-8CC38C5AAE23}"
EndProject
Global
	GlobalSection(SolutionConfigurationPlatforms) = preSolution
		Debug|Any CPU = Debug|Any CPU
		Release|Any CPU = Release|Any CPU
	EndGlobalSection
	GlobalSection(ProjectConfigurationPlatforms) = postSolution
		{58EF4F69-2F46-46B9-95BB-8CC38C5AAE23}.Debug|Any CPU.ActiveCfg = Debug|Any CPU
		{58EF4F69-2F46-46B9-95BB-8CC38C5AAE23}.Debug|Any CPU.Build.0 = Debug|Any CPU
		{58EF4F69-2F46-46B9-95BB-8CC38C5AAE23}.Release|Any CPU.ActiveCfg = Release|Any CPU
		{58EF4F69-2F46-46B9-95BB-8CC38C5AAE23}.Release|Any CPU.Build.0 = Release|Any CPU
	EndGlobalSection
	GlobalSection(SolutionProperties) = preSolution
		HideSolutionNode = FALSE
	EndGlobalSection
	GlobalSection(ExtensibilityGlobals) = postSolution
		SolutionGuid = {F371F101-7A7B-49CA-A0A7-E61C51E6D8B9}
	EndGlobalSection
EndGlobal
